
Microsoft Visual Studio Solution File, Format Version 12.00
# Visual Studio Version 17
VisualStudioVersion = 17.5.002.0
MinimumVisualStudioVersion = 10.0.40219.1
Project("{9A19103F-16F7-4668-BE54-9A1E7A4F7556}") = "sample1", "sample1.csproj", "{5111FB54-3C5A-4FDF-B869-E58CA3C30B58}"
EndProject
Global
	GlobalSection(SolutionConfigurationPlatforms) = preSolution
		Debug|Any CPU = Debug|Any CPU
		Release|Any CPU = Release|Any CPU
	EndGlobalSection
	GlobalSection(ProjectConfigurationPlatforms) = postSolution
		{5111FB54-3C5A-4FDF-B869-E58CA3C30B58}.Debug|Any CPU.ActiveCfg = Debug|Any CPU
		{5111FB54-3C5A-4FDF-B869-E58CA3C30B58}.Debug|Any CPU.Build.0 = Debug|Any CPU
		{5111FB54-3C5A-4FDF-B869-E58CA3C30B58}.Release|Any CPU.ActiveCfg = Release|Any CPU
		{5111FB54-3C5A-4FDF-B869-E58CA3C30B58}.Release|Any CPU.Build.0 = Release|Any CPU
	EndGlobalSection
	GlobalSection(SolutionProperties) = preSolution
		HideSolutionNode = FALSE
	EndGlobalSection
	GlobalSection(ExtensibilityGlobals) = postSolution
		SolutionGuid = {10E33201-4898-43CB-9ED8-6514F8C9B760}
	EndGlobalSection
EndGlobal
