# generated by rye
# use `rye lock` or `rye sync` to update this lockfile
#
# last locked with the following flags:
#   pre: false
#   features: []
#   all-features: false
#   with-sources: false
#   generate-hashes: false

-e file:.
faker==26.0.0
    # via stored-procedures
greenlet==3.0.3
    # via sqlalchemy
psycopg2-binary==2.9.9
    # via stored-procedures
python-dateutil==2.9.0.post0
    # via faker
six==1.16.0
    # via python-dateutil
sqlalchemy==2.0.31
    # via stored-procedures
toml==0.10.2
    # via stored-procedures
typing-extensions==4.12.2
    # via sqlalchemy
